
Microsoft Visual Studio Solution File, Format Version 12.00
# Visual Studio Version 17
VisualStudioVersion = 17.3.32804.467
MinimumVisualStudioVersion = 10.0.40219.1
Project("{FAE04EC0-301F-11D3-BF4B-00C04F79EFBC}") = "WindowsFormsApp", "WindowsFormsApp.csproj", "{8A1CB3D9-CE54-4B7D-818D-2901E426777E}"
EndProject
Global
	GlobalSection(SolutionConfigurationPlatforms) = preSolution
		Debug|Any CPU = Debug|Any CPU
		Release|Any CPU = Release|Any CPU
	EndGlobalSection
	GlobalSection(ProjectConfigurationPlatforms) = postSolution
		{8A1CB3D9-CE54-4B7D-818D-2901E426777E}.Debug|Any CPU.ActiveCfg = Debug|Any CPU
		{8A1CB3D9-CE54-4B7D-818D-2901E426777E}.Debug|Any CPU.Build.0 = Debug|Any CPU
		{8A1CB3D9-CE54-4B7D-818D-2901E426777E}.Release|Any CPU.ActiveCfg = Release|Any CPU
		{8A1CB3D9-CE54-4B7D-818D-2901E426777E}.Release|Any CPU.Build.0 = Release|Any CPU
	EndGlobalSection
	GlobalSection(SolutionProperties) = preSolution
		HideSolutionNode = FALSE
	EndGlobalSection
	GlobalSection(ExtensibilityGlobals) = postSolution
		SolutionGuid = {1259B135-A099-4DA4-8892-743EEB305005}
	EndGlobalSection
EndGlobal
